// !$*UTF8*$!
{
	archiveVersion = 1;
	classes = {
	};
	objectVersion = 46;
	objects = {

/* Begin PBXBuildFile section */
		54BDF5131943900D0089A3A4 /* AppDelegate.swift in Sources */ = {isa = PBXBuildFile; fileRef = 54BDF5121943900D0089A3A4 /* AppDelegate.swift */; };
		54BDF5151943900D0089A3A4 /* ViewController.swift in Sources */ = {isa = PBXBuildFile; fileRef = 54BDF5141943900D0089A3A4 /* ViewController.swift */; };
		54BDF5181943900D0089A3A4 /* Main.storyboard in Resources */ = {isa = PBXBuildFile; fileRef = 54BDF5161943900D0089A3A4 /* Main.storyboard */; };
		54BDF51A1943900D0089A3A4 /* Images.xcassets in Resources */ = {isa = PBXBuildFile; fileRef = 54BDF5191943900D0089A3A4 /* Images.xcassets */; };
		54BDF534194390910089A3A4 /* WorkflowClient.swift in Sources */ = {isa = PBXBuildFile; fileRef = 54BDF533194390910089A3A4 /* WorkflowClient.swift */; };
/* End PBXBuildFile section */

/* Begin PBXFileReference section */
		54BDF50D1943900D0089A3A4 /* ios.app */ = {isa = PBXFileReference; explicitFileType = wrapper.application; includeInIndex = 0; path = ios.app; sourceTree = BUILT_PRODUCTS_DIR; };
		54BDF5111943900D0089A3A4 /* Info.plist */ = {isa = PBXFileReference; lastKnownFileType = text.plist.xml; path = Info.plist; sourceTree = "<group>"; };
		54BDF5121943900D0089A3A4 /* AppDelegate.swift */ = {isa = PBXFileReference; lastKnownFileType = sourcecode.swift; path = AppDelegate.swift; sourceTree = "<group>"; };
		54BDF5141943900D0089A3A4 /* ViewController.swift */ = {isa = PBXFileReference; lastKnownFileType = sourcecode.swift; path = ViewController.swift; sourceTree = "<group>"; };
		54BDF5171943900D0089A3A4 /* Base */ = {isa = PBXFileReference; lastKnownFileType = file.storyboard; name = Base; path = Base.lproj/Main.storyboard; sourceTree = "<group>"; };
		54BDF5191943900D0089A3A4 /* Images.xcassets */ = {isa = PBXFileReference; lastKnownFileType = folder.assetcatalog; path = Images.xcassets; sourceTree = "<group>"; };
		54BDF533194390910089A3A4 /* WorkflowClient.swift */ = {isa = PBXFileReference; fileEncoding = 4; lastKnownFileType = sourcecode.swift; path = WorkflowClient.swift; sourceTree = "<group>"; };
/* End PBXFileReference section */

/* Begin PBXFrameworksBuildPhase section */
		54BDF50A1943900D0089A3A4 /* Frameworks */ = {
			isa = PBXFrameworksBuildPhase;
			buildActionMask = 2147483647;
			files = (
			);
			runOnlyForDeploymentPostprocessing = 0;
		};
/* End PBXFrameworksBuildPhase section */

/* Begin PBXGroup section */
		54BDF5041943900D0089A3A4 = {
			isa = PBXGroup;
			children = (
				54BDF50F1943900D0089A3A4 /* ios */,
				54BDF50E1943900D0089A3A4 /* Products */,
			);
			sourceTree = "<group>";
		};
		54BDF50E1943900D0089A3A4 /* Products */ = {
			isa = PBXGroup;
			children = (
				54BDF50D1943900D0089A3A4 /* ios.app */,
			);
			name = Products;
			sourceTree = "<group>";
		};
		54BDF50F1943900D0089A3A4 /* ios */ = {
			isa = PBXGroup;
			children = (
				54BDF5121943900D0089A3A4 /* AppDelegate.swift */,
				54BDF5141943900D0089A3A4 /* ViewController.swift */,
				54BDF5161943900D0089A3A4 /* Main.storyboard */,
				54BDF5191943900D0089A3A4 /* Images.xcassets */,
				54BDF5101943900D0089A3A4 /* Supporting Files */,
				54BDF533194390910089A3A4 /* WorkflowClient.swift */,
			);
			path = ios;
			sourceTree = "<group>";
		};
		54BDF5101943900D0089A3A4 /* Supporting Files */ = {
			isa = PBXGroup;
			children = (
				54BDF5111943900D0089A3A4 /* Info.plist */,
			);
			name = "Supporting Files";
			sourceTree = "<group>";
		};
/* End PBXGroup section */

/* Begin PBXNativeTarget section */
		54BDF50C1943900D0089A3A4 /* ios */ = {
			isa = PBXNativeTarget;
			buildConfigurationList = 54BDF5291943900E0089A3A4 /* Build configuration list for PBXNativeTarget "ios" */;
			buildPhases = (
				54BDF5091943900D0089A3A4 /* Sources */,
				54BDF50A1943900D0089A3A4 /* Frameworks */,
				54BDF50B1943900D0089A3A4 /* Resources */,
			);
			buildRules = (
			);
			dependencies = (
			);
			name = ios;
			productName = ios;
			productReference = 54BDF50D1943900D0089A3A4 /* ios.app */;
			productType = "com.apple.product-type.application";
		};
/* End PBXNativeTarget section */

/* Begin PBXProject section */
		54BDF5051943900D0089A3A4 /* Project object */ = {
			isa = PBXProject;
			attributes = {
				LastUpgradeCheck = 0600;
				ORGANIZATIONNAME = "Jan Machacek";
				TargetAttributes = {
					54BDF50C1943900D0089A3A4 = {
						CreatedOnToolsVersion = 6.0;
					};
				};
			};
			buildConfigurationList = 54BDF5081943900D0089A3A4 /* Build configuration list for PBXProject "ios" */;
			compatibilityVersion = "Xcode 3.2";
			developmentRegion = English;
			hasScannedForEncodings = 0;
			knownRegions = (
				en,
				Base,
			);
			mainGroup = 54BDF5041943900D0089A3A4;
			productRefGroup = 54BDF50E1943900D0089A3A4 /* Products */;
			projectDirPath = "";
			projectRoot = "";
			targets = (
				54BDF50C1943900D0089A3A4 /* ios */,
			);
		};
/* End PBXProject section */

/* Begin PBXResourcesBuildPhase section */
		54BDF50B1943900D0089A3A4 /* Resources */ = {
			isa = PBXResourcesBuildPhase;
			buildActionMask = 2147483647;
			files = (
				54BDF5181943900D0089A3A4 /* Main.storyboard in Resources */,
				54BDF51A1943900D0089A3A4 /* Images.xcassets in Resources */,
			);
			runOnlyForDeploymentPostprocessing = 0;
		};
/* End PBXResourcesBuildPhase section */

/* Begin PBXSourcesBuildPhase section */
		54BDF5091943900D0089A3A4 /* Sources */ = {
			isa = PBXSourcesBuildPhase;
			buildActionMask = 2147483647;
			files = (
				54BDF534194390910089A3A4 /* WorkflowClient.swift in Sources */,
				54BDF5151943900D0089A3A4 /* ViewController.swift in Sources */,
				54BDF5131943900D0089A3A4 /* AppDelegate.swift in Sources */,
			);
			runOnlyForDeploymentPostprocessing = 0;
		};
/* End PBXSourcesBuildPhase section */

/* Begin PBXVariantGroup section */
		54BDF5161943900D0089A3A4 /* Main.storyboard */ = {
			isa = PBXVariantGroup;
			children = (
				54BDF5171943900D0089A3A4 /* Base */,
			);
			name = Main.storyboard;
			sourceTree = "<group>";
		};
/* End PBXVariantGroup section */

/* Begin XCBuildConfiguration section */
		54BDF5271943900E0089A3A4 /* Debug */ = {
			isa = XCBuildConfiguration;
			buildSettings = {
				ALWAYS_SEARCH_USER_PATHS = NO;
				CLANG_CXX_LANGUAGE_STANDARD = "gnu++0x";
				CLANG_CXX_LIBRARY = "libc++";
				CLANG_ENABLE_MODULES = YES;
				CLANG_ENABLE_OBJC_ARC = YES;
				CLANG_WARN_BOOL_CONVERSION = YES;
				CLANG_WARN_CONSTANT_CONVERSION = YES;
				CLANG_WARN_DIRECT_OBJC_ISA_USAGE = YES_ERROR;
				CLANG_WARN_EMPTY_BODY = YES;
				CLANG_WARN_ENUM_CONVERSION = YES;
				CLANG_WARN_INT_CONVERSION = YES;
				CLANG_WARN_OBJC_ROOT_CLASS = YES_ERROR;
				CLANG_WARN_UNREACHABLE_CODE = YES;
				CLANG_WARN__DUPLICATE_METHOD_MATCH = YES;
				"CODE_SIGN_IDENTITY[sdk=iphoneos*]" = "iPhone Developer";
				COPY_PHASE_STRIP = NO;
				ENABLE_STRICT_OBJC_MSGSEND = YES;
				GCC_C_LANGUAGE_STANDARD = gnu99;
				GCC_DYNAMIC_NO_PIC = NO;
				GCC_OPTIMIZATION_LEVEL = 0;
				GCC_PREPROCESSOR_DEFINITIONS = (
					"DEBUG=1",
					"$(inherited)",
				);
				GCC_SYMBOLS_PRIVATE_EXTERN = NO;
				GCC_WARN_64_TO_32_BIT_CONVERSION = YES;
				GCC_WARN_ABOUT_RETURN_TYPE = YES_ERROR;
				GCC_WARN_UNDECLARED_SELECTOR = YES;
				GCC_WARN_UNINITIALIZED_AUTOS = YES_AGGRESSIVE;
				GCC_WARN_UNUSED_FUNCTION = YES;
				GCC_WARN_UNUSED_VARIABLE = YES;
				IPHONEOS_DEPLOYMENT_TARGET = 8.0;
				METAL_ENABLE_DEBUG_INFO = YES;
				ONLY_ACTIVE_ARCH = YES;
				SDKROOT = iphoneos;
				SWIFT_OPTIMIZATION_LEVEL = "-Onone";
			};
			name = Debug;
		};
		54BDF5281943900E0089A3A4 /* Release */ = {
			isa = XCBuildConfiguration;
			buildSettings = {
				ALWAYS_SEARCH_USER_PATHS = NO;
				CLANG_CXX_LANGUAGE_STANDARD = "gnu++0x";
				CLANG_CXX_LIBRARY = "libc++";
				CLANG_ENABLE_MODULES = YES;
				CLANG_ENABLE_OBJC_ARC = YES;
				CLANG_WARN_BOOL_CONVERSION = YES;
				CLANG_WARN_CONSTANT_CONVERSION = YES;
				CLANG_WARN_DIRECT_OBJC_ISA_USAGE = YES_ERROR;
				CLANG_WARN_EMPTY_BODY = YES;
				CLANG_WARN_ENUM_CONVERSION = YES;
				CLANG_WARN_INT_CONVERSION = YES;
				CLANG_WARN_OBJC_ROOT_CLASS = YES_ERROR;
				CLANG_WARN_UNREACHABLE_CODE = YES;
				CLANG_WARN__DUPLICATE_METHOD_MATCH = YES;
				"CODE_SIGN_IDENTITY[sdk=iphoneos*]" = "iPhone Developer";
				COPY_PHASE_STRIP = YES;
				ENABLE_NS_ASSERTIONS = NO;
				ENABLE_STRICT_OBJC_MSGSEND = YES;
				GCC_C_LANGUAGE_STANDARD = gnu99;
				GCC_WARN_64_TO_32_BIT_CONVERSION = YES;
				GCC_WARN_ABOUT_RETURN_TYPE = YES_ERROR;
				GCC_WARN_UNDECLARED_SELECTOR = YES;
				GCC_WARN_UNINITIALIZED_AUTOS = YES_AGGRESSIVE;
				GCC_WARN_UNUSED_FUNCTION = YES;
				GCC_WARN_UNUSED_VARIABLE = YES;
				IPHONEOS_DEPLOYMENT_TARGET = 8.0;
				METAL_ENABLE_DEBUG_INFO = NO;
				SDKROOT = iphoneos;
				VALIDATE_PRODUCT = YES;
			};
			name = Release;
		};
		54BDF52A1943900E0089A3A4 /* Debug */ = {
			isa = XCBuildConfiguration;
			buildSettings = {
				ASSETCATALOG_COMPILER_APPICON_NAME = AppIcon;
				ASSETCATALOG_COMPILER_LAUNCHIMAGE_NAME = LaunchImage;
				INFOPLIST_FILE = ios/Info.plist;
				LD_RUNPATH_SEARCH_PATHS = "$(inherited) @executable_path/Frameworks";
				PRODUCT_NAME = "$(TARGET_NAME)";
			};
			name = Debug;
		};
		54BDF52B1943900E0089A3A4 /* Release */ = {
			isa = XCBuildConfiguration;
			buildSettings = {
				ASSETCATALOG_COMPILER_APPICON_NAME = AppIcon;
				ASSETCATALOG_COMPILER_LAUNCHIMAGE_NAME = LaunchImage;
				INFOPLIST_FILE = ios/Info.plist;
				LD_RUNPATH_SEARCH_PATHS = "$(inherited) @executable_path/Frameworks";
				PRODUCT_NAME = "$(TARGET_NAME)";
			};
			name = Release;
		};
/* End XCBuildConfiguration section */

/* Begin XCConfigurationList section */
		54BDF5081943900D0089A3A4 /* Build configuration list for PBXProject "ios" */ = {
			isa = XCConfigurationList;
			buildConfigurations = (
				54BDF5271943900E0089A3A4 /* Debug */,
				54BDF5281943900E0089A3A4 /* Release */,
			);
			defaultConfigurationIsVisible = 0;
			defaultConfigurationName = Release;
		};
		54BDF5291943900E0089A3A4 /* Build configuration list for PBXNativeTarget "ios" */ = {
			isa = XCConfigurationList;
			buildConfigurations = (
				54BDF52A1943900E0089A3A4 /* Debug */,
				54BDF52B1943900E0089A3A4 /* Release */,
			);
			defaultConfigurationIsVisible = 0;
		};
/* End XCConfigurationList section */
	};
	rootObject = 54BDF5051943900D0089A3A4 /* Project object */;
}
